
Microsoft Visual Studio Solution File, Format Version 12.00
# Visual Studio 15
VisualStudioVersion = 15.0.26730.16
MinimumVisualStudioVersion = 10.0.40219.1
Project("{FAE04EC0-301F-11D3-BF4B-00C04F79EFBC}") = "Movies.Android", "Movies\Movies.Android\Movies.Android.csproj", "{2F4E6B21-CBE7-4951-A425-125B8FD8A129}"
EndProject
Project("{FAE04EC0-301F-11D3-BF4B-00C04F79EFBC}") = "Movies", "Movies\Movies\Movies.csproj", "{33BC88CD-38AB-4027-8626-701720BBE54C}"
EndProject
Project("{FAE04EC0-301F-11D3-BF4B-00C04F79EFBC}") = "Movies.UWP", "Movies\Movies.UWP\Movies.UWP.csproj", "{69B37A73-8A41-40A7-BCA1-DD92F71A10F0}"
EndProject
Project("{FAE04EC0-301F-11D3-BF4B-00C04F79EFBC}") = "Movies.iOS", "Movies\Movies.iOS\Movies.iOS.csproj", "{23A82319-EB48-4657-B5AE-BA52DC951681}"
EndProject
Global
	GlobalSection(SolutionConfigurationPlatforms) = preSolution
		Ad-Hoc|Any CPU = Ad-Hoc|Any CPU
		Ad-Hoc|ARM = Ad-Hoc|ARM
		Ad-Hoc|iPhone = Ad-Hoc|iPhone
		Ad-Hoc|iPhoneSimulator = Ad-Hoc|iPhoneSimulator
		Ad-Hoc|x64 = Ad-Hoc|x64
		Ad-Hoc|x86 = Ad-Hoc|x86
		AppStore|Any CPU = AppStore|Any CPU
		AppStore|ARM = AppStore|ARM
		AppStore|iPhone = AppStore|iPhone
		AppStore|iPhoneSimulator = AppStore|iPhoneSimulator
		AppStore|x64 = AppStore|x64
		AppStore|x86 = AppStore|x86
		Debug|Any CPU = Debug|Any CPU
		Debug|ARM = Debug|ARM
		Debug|iPhone = Debug|iPhone
		Debug|iPhoneSimulator = Debug|iPhoneSimulator
		Debug|x64 = Debug|x64
		Debug|x86 = Debug|x86
		Release|Any CPU = Release|Any CPU
		Release|ARM = Release|ARM
		Release|iPhone = Release|iPhone
		Release|iPhoneSimulator = Release|iPhoneSimulator
		Release|x64 = Release|x64
		Release|x86 = Release|x86
	EndGlobalSection
	GlobalSection(ProjectConfigurationPlatforms) = postSolution
		{2F4E6B21-CBE7-4951-A425-125B8FD8A129}.Ad-Hoc|Any CPU.ActiveCfg = Release|Any CPU
		{2F4E6B21-CBE7-4951-A425-125B8FD8A129}.Ad-Hoc|Any CPU.Build.0 = Release|Any CPU
		{2F4E6B21-CBE7-4951-A425-125B8FD8A129}.Ad-Hoc|Any CPU.Deploy.0 = Release|Any CPU
		{2F4E6B21-CBE7-4951-A425-125B8FD8A129}.Ad-Hoc|ARM.ActiveCfg = Release|Any CPU
		{2F4E6B21-CBE7-4951-A425-125B8FD8A129}.Ad-Hoc|ARM.Build.0 = Release|Any CPU
		{2F4E6B21-CBE7-4951-A425-125B8FD8A129}.Ad-Hoc|ARM.Deploy.0 = Release|Any CPU
		{2F4E6B21-CBE7-4951-A425-125B8FD8A129}.Ad-Hoc|iPhone.ActiveCfg = Release|Any CPU
		{2F4E6B21-CBE7-4951-A425-125B8FD8A129}.Ad-Hoc|iPhone.Build.0 = Release|Any CPU
		{2F4E6B21-CBE7-4951-A425-125B8FD8A129}.Ad-Hoc|iPhone.Deploy.0 = Release|Any CPU
		{2F4E6B21-CBE7-4951-A425-125B8FD8A129}.Ad-Hoc|iPhoneSimulator.ActiveCfg = Release|Any CPU
		{2F4E6B21-CBE7-4951-A425-125B8FD8A129}.Ad-Hoc|iPhoneSimulator.Build.0 = Release|Any CPU
		{2F4E6B21-CBE7-4951-A425-125B8FD8A129}.Ad-Hoc|iPhoneSimulator.Deploy.0 = Release|Any CPU
		{2F4E6B21-CBE7-4951-A425-125B8FD8A129}.Ad-Hoc|x64.ActiveCfg = Release|Any CPU
		{2F4E6B21-CBE7-4951-A425-125B8FD8A129}.Ad-Hoc|x64.Build.0 = Release|Any CPU
		{2F4E6B21-CBE7-4951-A425-125B8FD8A129}.Ad-Hoc|x64.Deploy.0 = Release|Any CPU
		{2F4E6B21-CBE7-4951-A425-125B8FD8A129}.Ad-Hoc|x86.ActiveCfg = Release|Any CPU
		{2F4E6B21-CBE7-4951-A425-125B8FD8A129}.Ad-Hoc|x86.Build.0 = Release|Any CPU
		{2F4E6B21-CBE7-4951-A425-125B8FD8A129}.Ad-Hoc|x86.Deploy.0 = Release|Any CPU
		{2F4E6B21-CBE7-4951-A425-125B8FD8A129}.AppStore|Any CPU.ActiveCfg = Release|Any CPU
		{2F4E6B21-CBE7-4951-A425-125B8FD8A129}.AppStore|Any CPU.Build.0 = Release|Any CPU
		{2F4E6B21-CBE7-4951-A425-125B8FD8A129}.AppStore|Any CPU.Deploy.0 = Release|Any CPU
		{2F4E6B21-CBE7-4951-A425-125B8FD8A129}.AppStore|ARM.ActiveCfg = Release|Any CPU
		{2F4E6B21-CBE7-4951-A425-125B8FD8A129}.AppStore|ARM.Build.0 = Release|Any CPU
		{2F4E6B21-CBE7-4951-A425-125B8FD8A129}.AppStore|ARM.Deploy.0 = Release|Any CPU
		{2F4E6B21-CBE7-4951-A425-125B8FD8A129}.AppStore|iPhone.ActiveCfg = Release|Any CPU
		{2F4E6B21-CBE7-4951-A425-125B8FD8A129}.AppStore|iPhone.Build.0 = Release|Any CPU
		{2F4E6B21-CBE7-4951-A425-125B8FD8A129}.AppStore|iPhone.Deploy.0 = Release|Any CPU
		{2F4E6B21-CBE7-4951-A425-125B8FD8A129}.AppStore|iPhoneSimulator.ActiveCfg = Release|Any CPU
		{2F4E6B21-CBE7-4951-A425-125B8FD8A129}.AppStore|iPhoneSimulator.Build.0 = Release|Any CPU
		{2F4E6B21-CBE7-4951-A425-125B8FD8A129}.AppStore|iPhoneSimulator.Deploy.0 = Release|Any CPU
		{2F4E6B21-CBE7-4951-A425-125B8FD8A129}.AppStore|x64.ActiveCfg = Release|Any CPU
		{2F4E6B21-CBE7-4951-A425-125B8FD8A129}.AppStore|x64.Build.0 = Release|Any CPU
		{2F4E6B21-CBE7-4951-A425-125B8FD8A129}.AppStore|x64.Deploy.0 = Release|Any CPU
		{2F4E6B21-CBE7-4951-A425-125B8FD8A129}.AppStore|x86.ActiveCfg = Release|Any CPU
		{2F4E6B21-CBE7-4951-A425-125B8FD8A129}.AppStore|x86.Build.0 = Release|Any CPU
		{2F4E6B21-CBE7-4951-A425-125B8FD8A129}.AppStore|x86.Deploy.0 = Release|Any CPU
		{2F4E6B21-CBE7-4951-A425-125B8FD8A129}.Debug|Any CPU.ActiveCfg = Debug|Any CPU
		{2F4E6B21-CBE7-4951-A425-125B8FD8A129}.Debug|Any CPU.Build.0 = Debug|Any CPU
		{2F4E6B21-CBE7-4951-A425-125B8FD8A129}.Debug|Any CPU.Deploy.0 = Debug|Any CPU
		{2F4E6B21-CBE7-4951-A425-125B8FD8A129}.Debug|ARM.ActiveCfg = Debug|Any CPU
		{2F4E6B21-CBE7-4951-A425-125B8FD8A129}.Debug|ARM.Build.0 = Debug|Any CPU
		{2F4E6B21-CBE7-4951-A425-125B8FD8A129}.Debug|ARM.Deploy.0 = Debug|Any CPU
		{2F4E6B21-CBE7-4951-A425-125B8FD8A129}.Debug|iPhone.ActiveCfg = Debug|Any CPU
		{2F4E6B21-CBE7-4951-A425-125B8FD8A129}.Debug|iPhone.Build.0 = Debug|Any CPU
		{2F4E6B21-CBE7-4951-A425-125B8FD8A129}.Debug|iPhone.Deploy.0 = Debug|Any CPU
		{2F4E6B21-CBE7-4951-A425-125B8FD8A129}.Debug|iPhoneSimulator.ActiveCfg = Debug|Any CPU
		{2F4E6B21-CBE7-4951-A425-125B8FD8A129}.Debug|iPhoneSimulator.Build.0 = Debug|Any CPU
		{2F4E6B21-CBE7-4951-A425-125B8FD8A129}.Debug|iPhoneSimulator.Deploy.0 = Debug|Any CPU
		{2F4E6B21-CBE7-4951-A425-125B8FD8A129}.Debug|x64.ActiveCfg = Debug|Any CPU
		{2F4E6B21-CBE7-4951-A425-125B8FD8A129}.Debug|x64.Build.0 = Debug|Any CPU
		{2F4E6B21-CBE7-4951-A425-125B8FD8A129}.Debug|x64.Deploy.0 = Debug|Any CPU
		{2F4E6B21-CBE7-4951-A425-125B8FD8A129}.Debug|x86.ActiveCfg = Debug|Any CPU
		{2F4E6B21-CBE7-4951-A425-125B8FD8A129}.Debug|x86.Build.0 = Debug|Any CPU
		{2F4E6B21-CBE7-4951-A425-125B8FD8A129}.Debug|x86.Deploy.0 = Debug|Any CPU
		{2F4E6B21-CBE7-4951-A425-125B8FD8A129}.Release|Any CPU.ActiveCfg = Release|Any CPU
		{2F4E6B21-CBE7-4951-A425-125B8FD8A129}.Release|Any CPU.Build.0 = Release|Any CPU
		{2F4E6B21-CBE7-4951-A425-125B8FD8A129}.Release|Any CPU.Deploy.0 = Release|Any CPU
		{2F4E6B21-CBE7-4951-A425-125B8FD8A129}.Release|ARM.ActiveCfg = Release|Any CPU
		{2F4E6B21-CBE7-4951-A425-125B8FD8A129}.Release|ARM.Build.0 = Release|Any CPU
		{2F4E6B21-CBE7-4951-A425-125B8FD8A129}.Release|ARM.Deploy.0 = Release|Any CPU
		{2F4E6B21-CBE7-4951-A425-125B8FD8A129}.Release|iPhone.ActiveCfg = Release|Any CPU
		{2F4E6B21-CBE7-4951-A425-125B8FD8A129}.Release|iPhone.Build.0 = Release|Any CPU
		{2F4E6B21-CBE7-4951-A425-125B8FD8A129}.Release|iPhone.Deploy.0 = Release|Any CPU
		{2F4E6B21-CBE7-4951-A425-125B8FD8A129}.Release|iPhoneSimulator.ActiveCfg = Release|Any CPU
		{2F4E6B21-CBE7-4951-A425-125B8FD8A129}.Release|iPhoneSimulator.Build.0 = Release|Any CPU
		{2F4E6B21-CBE7-4951-A425-125B8FD8A129}.Release|iPhoneSimulator.Deploy.0 = Release|Any CPU
		{2F4E6B21-CBE7-4951-A425-125B8FD8A129}.Release|x64.ActiveCfg = Release|Any CPU
		{2F4E6B21-CBE7-4951-A425-125B8FD8A129}.Release|x64.Build.0 = Release|Any CPU
		{2F4E6B21-CBE7-4951-A425-125B8FD8A129}.Release|x64.Deploy.0 = Release|Any CPU
		{2F4E6B21-CBE7-4951-A425-125B8FD8A129}.Release|x86.ActiveCfg = Release|Any CPU
		{2F4E6B21-CBE7-4951-A425-125B8FD8A129}.Release|x86.Build.0 = Release|Any CPU
		{2F4E6B21-CBE7-4951-A425-125B8FD8A129}.Release|x86.Deploy.0 = Release|Any CPU
		{33BC88CD-38AB-4027-8626-701720BBE54C}.Ad-Hoc|Any CPU.ActiveCfg = Release|Any CPU
		{33BC88CD-38AB-4027-8626-701720BBE54C}.Ad-Hoc|Any CPU.Build.0 = Release|Any CPU
		{33BC88CD-38AB-4027-8626-701720BBE54C}.Ad-Hoc|ARM.ActiveCfg = Release|Any CPU
		{33BC88CD-38AB-4027-8626-701720BBE54C}.Ad-Hoc|ARM.Build.0 = Release|Any CPU
		{33BC88CD-38AB-4027-8626-701720BBE54C}.Ad-Hoc|iPhone.ActiveCfg = Release|Any CPU
		{33BC88CD-38AB-4027-8626-701720BBE54C}.Ad-Hoc|iPhone.Build.0 = Release|Any CPU
		{33BC88CD-38AB-4027-8626-701720BBE54C}.Ad-Hoc|iPhoneSimulator.ActiveCfg = Release|Any CPU
		{33BC88CD-38AB-4027-8626-701720BBE54C}.Ad-Hoc|iPhoneSimulator.Build.0 = Release|Any CPU
		{33BC88CD-38AB-4027-8626-701720BBE54C}.Ad-Hoc|x64.ActiveCfg = Release|Any CPU
		{33BC88CD-38AB-4027-8626-701720BBE54C}.Ad-Hoc|x64.Build.0 = Release|Any CPU
		{33BC88CD-38AB-4027-8626-701720BBE54C}.Ad-Hoc|x86.ActiveCfg = Release|Any CPU
		{33BC88CD-38AB-4027-8626-701720BBE54C}.Ad-Hoc|x86.Build.0 = Release|Any CPU
		{33BC88CD-38AB-4027-8626-701720BBE54C}.AppStore|Any CPU.ActiveCfg = Release|Any CPU
		{33BC88CD-38AB-4027-8626-701720BBE54C}.AppStore|Any CPU.Build.0 = Release|Any CPU
		{33BC88CD-38AB-4027-8626-701720BBE54C}.AppStore|ARM.ActiveCfg = Release|Any CPU
		{33BC88CD-38AB-4027-8626-701720BBE54C}.AppStore|ARM.Build.0 = Release|Any CPU
		{33BC88CD-38AB-4027-8626-701720BBE54C}.AppStore|iPhone.ActiveCfg = Release|Any CPU
		{33BC88CD-38AB-4027-8626-701720BBE54C}.AppStore|iPhone.Build.0 = Release|Any CPU
		{33BC88CD-38AB-4027-8626-701720BBE54C}.AppStore|iPhoneSimulator.ActiveCfg = Release|Any CPU
		{33BC88CD-38AB-4027-8626-701720BBE54C}.AppStore|iPhoneSimulator.Build.0 = Release|Any CPU
		{33BC88CD-38AB-4027-8626-701720BBE54C}.AppStore|x64.ActiveCfg = Release|Any CPU
		{33BC88CD-38AB-4027-8626-701720BBE54C}.AppStore|x64.Build.0 = Release|Any CPU
		{33BC88CD-38AB-4027-8626-701720BBE54C}.AppStore|x86.ActiveCfg = Release|Any CPU
		{33BC88CD-38AB-4027-8626-701720BBE54C}.AppStore|x86.Build.0 = Release|Any CPU
		{33BC88CD-38AB-4027-8626-701720BBE54C}.Debug|Any CPU.ActiveCfg = Debug|Any CPU
		{33BC88CD-38AB-4027-8626-701720BBE54C}.Debug|Any CPU.Build.0 = Debug|Any CPU
		{33BC88CD-38AB-4027-8626-701720BBE54C}.Debug|ARM.ActiveCfg = Debug|Any CPU
		{33BC88CD-38AB-4027-8626-701720BBE54C}.Debug|ARM.Build.0 = Debug|Any CPU
		{33BC88CD-38AB-4027-8626-701720BBE54C}.Debug|iPhone.ActiveCfg = Debug|Any CPU
		{33BC88CD-38AB-4027-8626-701720BBE54C}.Debug|iPhone.Build.0 = Debug|Any CPU
		{33BC88CD-38AB-4027-8626-701720BBE54C}.Debug|iPhoneSimulator.ActiveCfg = Debug|Any CPU
		{33BC88CD-38AB-4027-8626-701720BBE54C}.Debug|iPhoneSimulator.Build.0 = Debug|Any CPU
		{33BC88CD-38AB-4027-8626-701720BBE54C}.Debug|x64.ActiveCfg = Debug|Any CPU
		{33BC88CD-38AB-4027-8626-701720BBE54C}.Debug|x64.Build.0 = Debug|Any CPU
		{33BC88CD-38AB-4027-8626-701720BBE54C}.Debug|x86.ActiveCfg = Debug|Any CPU
		{33BC88CD-38AB-4027-8626-701720BBE54C}.Debug|x86.Build.0 = Debug|Any CPU
		{33BC88CD-38AB-4027-8626-701720BBE54C}.Release|Any CPU.ActiveCfg = Release|Any CPU
		{33BC88CD-38AB-4027-8626-701720BBE54C}.Release|Any CPU.Build.0 = Release|Any CPU
		{33BC88CD-38AB-4027-8626-701720BBE54C}.Release|ARM.ActiveCfg = Release|Any CPU
		{33BC88CD-38AB-4027-8626-701720BBE54C}.Release|ARM.Build.0 = Release|Any CPU
		{33BC88CD-38AB-4027-8626-701720BBE54C}.Release|iPhone.ActiveCfg = Release|Any CPU
		{33BC88CD-38AB-4027-8626-701720BBE54C}.Release|iPhone.Build.0 = Release|Any CPU
		{33BC88CD-38AB-4027-8626-701720BBE54C}.Release|iPhoneSimulator.ActiveCfg = Release|Any CPU
		{33BC88CD-38AB-4027-8626-701720BBE54C}.Release|iPhoneSimulator.Build.0 = Release|Any CPU
		{33BC88CD-38AB-4027-8626-701720BBE54C}.Release|x64.ActiveCfg = Release|Any CPU
		{33BC88CD-38AB-4027-8626-701720BBE54C}.Release|x64.Build.0 = Release|Any CPU
		{33BC88CD-38AB-4027-8626-701720BBE54C}.Release|x86.ActiveCfg = Release|Any CPU
		{33BC88CD-38AB-4027-8626-701720BBE54C}.Release|x86.Build.0 = Release|Any CPU
		{69B37A73-8A41-40A7-BCA1-DD92F71A10F0}.Ad-Hoc|Any CPU.ActiveCfg = Release|x86
		{69B37A73-8A41-40A7-BCA1-DD92F71A10F0}.Ad-Hoc|Any CPU.Build.0 = Release|x86
		{69B37A73-8A41-40A7-BCA1-DD92F71A10F0}.Ad-Hoc|Any CPU.Deploy.0 = Release|x86
		{69B37A73-8A41-40A7-BCA1-DD92F71A10F0}.Ad-Hoc|ARM.ActiveCfg = Release|ARM
		{69B37A73-8A41-40A7-BCA1-DD92F71A10F0}.Ad-Hoc|ARM.Build.0 = Release|ARM
		{69B37A73-8A41-40A7-BCA1-DD92F71A10F0}.Ad-Hoc|ARM.Deploy.0 = Release|ARM
		{69B37A73-8A41-40A7-BCA1-DD92F71A10F0}.Ad-Hoc|iPhone.ActiveCfg = Release|x86
		{69B37A73-8A41-40A7-BCA1-DD92F71A10F0}.Ad-Hoc|iPhone.Build.0 = Release|x86
		{69B37A73-8A41-40A7-BCA1-DD92F71A10F0}.Ad-Hoc|iPhone.Deploy.0 = Release|x86
		{69B37A73-8A41-40A7-BCA1-DD92F71A10F0}.Ad-Hoc|iPhoneSimulator.ActiveCfg = Release|x86
		{69B37A73-8A41-40A7-BCA1-DD92F71A10F0}.Ad-Hoc|iPhoneSimulator.Build.0 = Release|x86
		{69B37A73-8A41-40A7-BCA1-DD92F71A10F0}.Ad-Hoc|iPhoneSimulator.Deploy.0 = Release|x86
		{69B37A73-8A41-40A7-BCA1-DD92F71A10F0}.Ad-Hoc|x64.ActiveCfg = Release|x64
		{69B37A73-8A41-40A7-BCA1-DD92F71A10F0}.Ad-Hoc|x64.Build.0 = Release|x64
		{69B37A73-8A41-40A7-BCA1-DD92F71A10F0}.Ad-Hoc|x64.Deploy.0 = Release|x64
		{69B37A73-8A41-40A7-BCA1-DD92F71A10F0}.Ad-Hoc|x86.ActiveCfg = Release|x86
		{69B37A73-8A41-40A7-BCA1-DD92F71A10F0}.Ad-Hoc|x86.Build.0 = Release|x86
		{69B37A73-8A41-40A7-BCA1-DD92F71A10F0}.Ad-Hoc|x86.Deploy.0 = Release|x86
		{69B37A73-8A41-40A7-BCA1-DD92F71A10F0}.AppStore|Any CPU.ActiveCfg = Release|x86
		{69B37A73-8A41-40A7-BCA1-DD92F71A10F0}.AppStore|Any CPU.Build.0 = Release|x86
		{69B37A73-8A41-40A7-BCA1-DD92F71A10F0}.AppStore|Any CPU.Deploy.0 = Release|x86
		{69B37A73-8A41-40A7-BCA1-DD92F71A10F0}.AppStore|ARM.ActiveCfg = Release|ARM
		{69B37A73-8A41-40A7-BCA1-DD92F71A10F0}.AppStore|ARM.Build.0 = Release|ARM
		{69B37A73-8A41-40A7-BCA1-DD92F71A10F0}.AppStore|ARM.Deploy.0 = Release|ARM
		{69B37A73-8A41-40A7-BCA1-DD92F71A10F0}.AppStore|iPhone.ActiveCfg = Release|x86
		{69B37A73-8A41-40A7-BCA1-DD92F71A10F0}.AppStore|iPhone.Build.0 = Release|x86
		{69B37A73-8A41-40A7-BCA1-DD92F71A10F0}.AppStore|iPhone.Deploy.0 = Release|x86
		{69B37A73-8A41-40A7-BCA1-DD92F71A10F0}.AppStore|iPhoneSimulator.ActiveCfg = Release|x86
		{69B37A73-8A41-40A7-BCA1-DD92F71A10F0}.AppStore|iPhoneSimulator.Build.0 = Release|x86
		{69B37A73-8A41-40A7-BCA1-DD92F71A10F0}.AppStore|iPhoneSimulator.Deploy.0 = Release|x86
		{69B37A73-8A41-40A7-BCA1-DD92F71A10F0}.AppStore|x64.ActiveCfg = Release|x64
		{69B37A73-8A41-40A7-BCA1-DD92F71A10F0}.AppStore|x64.Build.0 = Release|x64
		{69B37A73-8A41-40A7-BCA1-DD92F71A10F0}.AppStore|x64.Deploy.0 = Release|x64
		{69B37A73-8A41-40A7-BCA1-DD92F71A10F0}.AppStore|x86.ActiveCfg = Release|x86
		{69B37A73-8A41-40A7-BCA1-DD92F71A10F0}.AppStore|x86.Build.0 = Release|x86
		{69B37A73-8A41-40A7-BCA1-DD92F71A10F0}.AppStore|x86.Deploy.0 = Release|x86
		{69B37A73-8A41-40A7-BCA1-DD92F71A10F0}.Debug|Any CPU.ActiveCfg = Debug|x86
		{69B37A73-8A41-40A7-BCA1-DD92F71A10F0}.Debug|ARM.ActiveCfg = Debug|ARM
		{69B37A73-8A41-40A7-BCA1-DD92F71A10F0}.Debug|ARM.Build.0 = Debug|ARM
		{69B37A73-8A41-40A7-BCA1-DD92F71A10F0}.Debug|ARM.Deploy.0 = Debug|ARM
		{69B37A73-8A41-40A7-BCA1-DD92F71A10F0}.Debug|iPhone.ActiveCfg = Debug|x86
		{69B37A73-8A41-40A7-BCA1-DD92F71A10F0}.Debug|iPhoneSimulator.ActiveCfg = Debug|x86
		{69B37A73-8A41-40A7-BCA1-DD92F71A10F0}.Debug|x64.ActiveCfg = Debug|x64
		{69B37A73-8A41-40A7-BCA1-DD92F71A10F0}.Debug|x64.Build.0 = Debug|x64
		{69B37A73-8A41-40A7-BCA1-DD92F71A10F0}.Debug|x64.Deploy.0 = Debug|x64
		{69B37A73-8A41-40A7-BCA1-DD92F71A10F0}.Debug|x86.ActiveCfg = Debug|x86
		{69B37A73-8A41-40A7-BCA1-DD92F71A10F0}.Debug|x86.Build.0 = Debug|x86
		{69B37A73-8A41-40A7-BCA1-DD92F71A10F0}.Debug|x86.Deploy.0 = Debug|x86
		{69B37A73-8A41-40A7-BCA1-DD92F71A10F0}.Release|Any CPU.ActiveCfg = Release|x86
		{69B37A73-8A41-40A7-BCA1-DD92F71A10F0}.Release|ARM.ActiveCfg = Release|ARM
		{69B37A73-8A41-40A7-BCA1-DD92F71A10F0}.Release|ARM.Build.0 = Release|ARM
		{69B37A73-8A41-40A7-BCA1-DD92F71A10F0}.Release|ARM.Deploy.0 = Release|ARM
		{69B37A73-8A41-40A7-BCA1-DD92F71A10F0}.Release|iPhone.ActiveCfg = Release|x86
		{69B37A73-8A41-40A7-BCA1-DD92F71A10F0}.Release|iPhoneSimulator.ActiveCfg = Release|x86
		{69B37A73-8A41-40A7-BCA1-DD92F71A10F0}.Release|x64.ActiveCfg = Release|x64
		{69B37A73-8A41-40A7-BCA1-DD92F71A10F0}.Release|x64.Build.0 = Release|x64
		{69B37A73-8A41-40A7-BCA1-DD92F71A10F0}.Release|x64.Deploy.0 = Release|x64
		{69B37A73-8A41-40A7-BCA1-DD92F71A10F0}.Release|x86.ActiveCfg = Release|x86
		{69B37A73-8A41-40A7-BCA1-DD92F71A10F0}.Release|x86.Build.0 = Release|x86
		{69B37A73-8A41-40A7-BCA1-DD92F71A10F0}.Release|x86.Deploy.0 = Release|x86
		{23A82319-EB48-4657-B5AE-BA52DC951681}.Ad-Hoc|Any CPU.ActiveCfg = Ad-Hoc|iPhone
		{23A82319-EB48-4657-B5AE-BA52DC951681}.Ad-Hoc|ARM.ActiveCfg = Ad-Hoc|iPhone
		{23A82319-EB48-4657-B5AE-BA52DC951681}.Ad-Hoc|iPhone.ActiveCfg = Ad-Hoc|iPhone
		{23A82319-EB48-4657-B5AE-BA52DC951681}.Ad-Hoc|iPhone.Build.0 = Ad-Hoc|iPhone
		{23A82319-EB48-4657-B5AE-BA52DC951681}.Ad-Hoc|iPhoneSimulator.ActiveCfg = Ad-Hoc|iPhoneSimulator
		{23A82319-EB48-4657-B5AE-BA52DC951681}.Ad-Hoc|iPhoneSimulator.Build.0 = Ad-Hoc|iPhoneSimulator
		{23A82319-EB48-4657-B5AE-BA52DC951681}.Ad-Hoc|x64.ActiveCfg = Ad-Hoc|iPhone
		{23A82319-EB48-4657-B5AE-BA52DC951681}.Ad-Hoc|x86.ActiveCfg = Ad-Hoc|iPhone
		{23A82319-EB48-4657-B5AE-BA52DC951681}.AppStore|Any CPU.ActiveCfg = AppStore|iPhone
		{23A82319-EB48-4657-B5AE-BA52DC951681}.AppStore|ARM.ActiveCfg = AppStore|iPhone
		{23A82319-EB48-4657-B5AE-BA52DC951681}.AppStore|iPhone.ActiveCfg = AppStore|iPhone
		{23A82319-EB48-4657-B5AE-BA52DC951681}.AppStore|iPhone.Build.0 = AppStore|iPhone
		{23A82319-EB48-4657-B5AE-BA52DC951681}.AppStore|iPhoneSimulator.ActiveCfg = AppStore|iPhoneSimulator
		{23A82319-EB48-4657-B5AE-BA52DC951681}.AppStore|iPhoneSimulator.Build.0 = AppStore|iPhoneSimulator
		{23A82319-EB48-4657-B5AE-BA52DC951681}.AppStore|x64.ActiveCfg = AppStore|iPhone
		{23A82319-EB48-4657-B5AE-BA52DC951681}.AppStore|x86.ActiveCfg = AppStore|iPhone
		{23A82319-EB48-4657-B5AE-BA52DC951681}.Debug|Any CPU.ActiveCfg = Debug|iPhone
		{23A82319-EB48-4657-B5AE-BA52DC951681}.Debug|ARM.ActiveCfg = Debug|iPhone
		{23A82319-EB48-4657-B5AE-BA52DC951681}.Debug|iPhone.ActiveCfg = Debug|iPhone
		{23A82319-EB48-4657-B5AE-BA52DC951681}.Debug|iPhone.Build.0 = Debug|iPhone
		{23A82319-EB48-4657-B5AE-BA52DC951681}.Debug|iPhoneSimulator.ActiveCfg = Debug|iPhoneSimulator
		{23A82319-EB48-4657-B5AE-BA52DC951681}.Debug|iPhoneSimulator.Build.0 = Debug|iPhoneSimulator
		{23A82319-EB48-4657-B5AE-BA52DC951681}.Debug|x64.ActiveCfg = Debug|iPhone
		{23A82319-EB48-4657-B5AE-BA52DC951681}.Debug|x86.ActiveCfg = Debug|iPhone
		{23A82319-EB48-4657-B5AE-BA52DC951681}.Release|Any CPU.ActiveCfg = Release|iPhone
		{23A82319-EB48-4657-B5AE-BA52DC951681}.Release|ARM.ActiveCfg = Release|iPhone
		{23A82319-EB48-4657-B5AE-BA52DC951681}.Release|iPhone.ActiveCfg = Release|iPhone
		{23A82319-EB48-4657-B5AE-BA52DC951681}.Release|iPhone.Build.0 = Release|iPhone
		{23A82319-EB48-4657-B5AE-BA52DC951681}.Release|iPhoneSimulator.ActiveCfg = Release|iPhoneSimulator
		{23A82319-EB48-4657-B5AE-BA52DC951681}.Release|iPhoneSimulator.Build.0 = Release|iPhoneSimulator
		{23A82319-EB48-4657-B5AE-BA52DC951681}.Release|x64.ActiveCfg = Release|iPhone
		{23A82319-EB48-4657-B5AE-BA52DC951681}.Release|x86.ActiveCfg = Release|iPhone
	EndGlobalSection
	GlobalSection(SolutionProperties) = preSolution
		HideSolutionNode = FALSE
	EndGlobalSection
	GlobalSection(ExtensibilityGlobals) = postSolution
		SolutionGuid = {FC89C133-D639-495F-B14C-9040C4DD6E29}
	EndGlobalSection
EndGlobal
